// !$*UTF8*$!
{
	archiveVersion = 1;
	classes = {
	};
	objectVersion = 46;
	objects = {

/* Begin PBXBuildFile section */
		4E0988851BC60615001B0AE3 /* NDHomeViewController.m in Sources */ = {isa = PBXBuildFile; fileRef = 4E0988841BC60615001B0AE3 /* NDHomeViewController.m */; settings = {ASSET_TAGS = (); }; };
		4E09888E1BC6068E001B0AE3 /* NDMyViewController.m in Sources */ = {isa = PBXBuildFile; fileRef = 4E09888D1BC6068E001B0AE3 /* NDMyViewController.m */; settings = {ASSET_TAGS = (); }; };
		4EF421861BC6448800CAA53A /* NDHeadView.m in Sources */ = {isa = PBXBuildFile; fileRef = 4EF421851BC6448800CAA53A /* NDHeadView.m */; settings = {ASSET_TAGS = (); }; };
		4EF421891BC6456100CAA53A /* NDGroupView.m in Sources */ = {isa = PBXBuildFile; fileRef = 4EF421881BC6456100CAA53A /* NDGroupView.m */; settings = {ASSET_TAGS = (); }; };
		8A5593B01BC76D9E00C517B0 /* DDLog.m in Sources */ = {isa = PBXBuildFile; fileRef = 8A5593AC1BC76D9E00C517B0 /* DDLog.m */; settings = {ASSET_TAGS = (); }; };
		8A5593B11BC76D9E00C517B0 /* DDTTYLogger.m in Sources */ = {isa = PBXBuildFile; fileRef = 8A5593AF1BC76D9E00C517B0 /* DDTTYLogger.m */; settings = {ASSET_TAGS = (); }; };
		8A5593B81BC7768A00C517B0 /* UIViewExt.m in Sources */ = {isa = PBXBuildFile; fileRef = 8A5593B51BC7768A00C517B0 /* UIViewExt.m */; settings = {ASSET_TAGS = (); }; };
		8A5593B91BC7768A00C517B0 /* WXHLGlobalUICommon.m in Sources */ = {isa = PBXBuildFile; fileRef = 8A5593B71BC7768A00C517B0 /* WXHLGlobalUICommon.m */; settings = {ASSET_TAGS = (); }; };
		8A5593D21BC7845800C517B0 /* AFHTTPClient.m in Sources */ = {isa = PBXBuildFile; fileRef = 8A5593C01BC7845800C517B0 /* AFHTTPClient.m */; settings = {ASSET_TAGS = (); }; };
		8A5593D31BC7845800C517B0 /* AFHTTPRequestOperation.m in Sources */ = {isa = PBXBuildFile; fileRef = 8A5593C21BC7845800C517B0 /* AFHTTPRequestOperation.m */; settings = {ASSET_TAGS = (); }; };
		8A5593D41BC7845800C517B0 /* AFImageRequestOperation.m in Sources */ = {isa = PBXBuildFile; fileRef = 8A5593C41BC7845800C517B0 /* AFImageRequestOperation.m */; settings = {ASSET_TAGS = (); }; };
		8A5593D51BC7845800C517B0 /* AFJSONRequestOperation.m in Sources */ = {isa = PBXBuildFile; fileRef = 8A5593C61BC7845800C517B0 /* AFJSONRequestOperation.m */; settings = {ASSET_TAGS = (); }; };
		8A5593D61BC7845800C517B0 /* AFNetworkActivityIndicatorManager.m in Sources */ = {isa = PBXBuildFile; fileRef = 8A5593C81BC7845800C517B0 /* AFNetworkActivityIndicatorManager.m */; settings = {ASSET_TAGS = (); }; };
		8A5593D81BC7845800C517B0 /* AFURLConnectionOperation.m in Sources */ = {isa = PBXBuildFile; fileRef = 8A5593CD1BC7845800C517B0 /* AFURLConnectionOperation.m */; settings = {ASSET_TAGS = (); }; };
		8A5593D91BC7845800C517B0 /* AFXMLRequestOperation.m in Sources */ = {isa = PBXBuildFile; fileRef = 8A5593CF1BC7845800C517B0 /* AFXMLRequestOperation.m */; settings = {ASSET_TAGS = (); }; };
		8A5593DA1BC7845800C517B0 /* UIImageView+AFNetworking.m in Sources */ = {isa = PBXBuildFile; fileRef = 8A5593D11BC7845800C517B0 /* UIImageView+AFNetworking.m */; settings = {ASSET_TAGS = (); }; };
		8A5593E21BC786E800C517B0 /* Images.xcassets in Resources */ = {isa = PBXBuildFile; fileRef = 8A5593E11BC786E800C517B0 /* Images.xcassets */; settings = {ASSET_TAGS = (); }; };
		8A5593EA1BC7893500C517B0 /* NDBaseNavigationController.m in Sources */ = {isa = PBXBuildFile; fileRef = 8A5593E51BC7893500C517B0 /* NDBaseNavigationController.m */; settings = {ASSET_TAGS = (); }; };
		8A5593EB1BC7893500C517B0 /* NDBaseViewController.m in Sources */ = {isa = PBXBuildFile; fileRef = 8A5593E71BC7893500C517B0 /* NDBaseViewController.m */; settings = {ASSET_TAGS = (); }; };
		8A5593EC1BC7893500C517B0 /* NDTabBarController.m in Sources */ = {isa = PBXBuildFile; fileRef = 8A5593E91BC7893500C517B0 /* NDTabBarController.m */; settings = {ASSET_TAGS = (); }; };
		8A5593F31BC7896900C517B0 /* NDButton.m in Sources */ = {isa = PBXBuildFile; fileRef = 8A5593F01BC7896900C517B0 /* NDButton.m */; settings = {ASSET_TAGS = (); }; };
		8A5593F41BC7896900C517B0 /* NDButtonView.m in Sources */ = {isa = PBXBuildFile; fileRef = 8A5593F21BC7896900C517B0 /* NDButtonView.m */; settings = {ASSET_TAGS = (); }; };
		8A5593F81BC789C500C517B0 /* NDInteractViewController.m in Sources */ = {isa = PBXBuildFile; fileRef = 8A5593F71BC789C500C517B0 /* NDInteractViewController.m */; settings = {ASSET_TAGS = (); }; };
		8A5593FC1BC78A0300C517B0 /* NDDistrictViewController.m in Sources */ = {isa = PBXBuildFile; fileRef = 8A5593FB1BC78A0300C517B0 /* NDDistrictViewController.m */; settings = {ASSET_TAGS = (); }; };
		8AA257841BB942DE00B99018 /* main.m in Sources */ = {isa = PBXBuildFile; fileRef = 8AA257831BB942DE00B99018 /* main.m */; };
		8AA257871BB942DE00B99018 /* AppDelegate.m in Sources */ = {isa = PBXBuildFile; fileRef = 8AA257861BB942DE00B99018 /* AppDelegate.m */; };
		8AA2578D1BB942DE00B99018 /* Main.storyboard in Resources */ = {isa = PBXBuildFile; fileRef = 8AA2578B1BB942DE00B99018 /* Main.storyboard */; };
		8AA2578F1BB942DE00B99018 /* Assets.xcassets in Resources */ = {isa = PBXBuildFile; fileRef = 8AA2578E1BB942DE00B99018 /* Assets.xcassets */; };
		8AA257921BB942DE00B99018 /* LaunchScreen.storyboard in Resources */ = {isa = PBXBuildFile; fileRef = 8AA257901BB942DE00B99018 /* LaunchScreen.storyboard */; };
		8AA2579D1BB942DE00B99018 /* NearDistanceTests.m in Sources */ = {isa = PBXBuildFile; fileRef = 8AA2579C1BB942DE00B99018 /* NearDistanceTests.m */; };
		8AA257A81BB942DE00B99018 /* NearDistanceUITests.m in Sources */ = {isa = PBXBuildFile; fileRef = 8AA257A71BB942DE00B99018 /* NearDistanceUITests.m */; };
/* End PBXBuildFile section */

/* Begin PBXContainerItemProxy section */
		8AA257991BB942DE00B99018 /* PBXContainerItemProxy */ = {
			isa = PBXContainerItemProxy;
			containerPortal = 8AA257771BB942DE00B99018 /* Project object */;
			proxyType = 1;
			remoteGlobalIDString = 8AA2577E1BB942DE00B99018;
			remoteInfo = NearDistance;
		};
		8AA257A41BB942DE00B99018 /* PBXContainerItemProxy */ = {
			isa = PBXContainerItemProxy;
			containerPortal = 8AA257771BB942DE00B99018 /* Project object */;
			proxyType = 1;
			remoteGlobalIDString = 8AA2577E1BB942DE00B99018;
			remoteInfo = NearDistance;
		};
/* End PBXContainerItemProxy section */

/* Begin PBXFileReference section */
		4E0988711BC6038C001B0AE3 /* PrefixHeader.pch */ = {isa = PBXFileReference; fileEncoding = 4; lastKnownFileType = sourcecode.c.h; path = PrefixHeader.pch; sourceTree = "<group>"; };
		4E0988831BC60615001B0AE3 /* NDHomeViewController.h */ = {isa = PBXFileReference; fileEncoding = 4; lastKnownFileType = sourcecode.c.h; path = NDHomeViewController.h; sourceTree = "<group>"; };
		4E0988841BC60615001B0AE3 /* NDHomeViewController.m */ = {isa = PBXFileReference; fileEncoding = 4; lastKnownFileType = sourcecode.c.objc; path = NDHomeViewController.m; sourceTree = "<group>"; };
		4E09888C1BC6068E001B0AE3 /* NDMyViewController.h */ = {isa = PBXFileReference; fileEncoding = 4; lastKnownFileType = sourcecode.c.h; path = NDMyViewController.h; sourceTree = "<group>"; };
		4E09888D1BC6068E001B0AE3 /* NDMyViewController.m */ = {isa = PBXFileReference; fileEncoding = 4; lastKnownFileType = sourcecode.c.objc; path = NDMyViewController.m; sourceTree = "<group>"; };
		4EF421841BC6448800CAA53A /* NDHeadView.h */ = {isa = PBXFileReference; fileEncoding = 4; lastKnownFileType = sourcecode.c.h; path = NDHeadView.h; sourceTree = "<group>"; };
		4EF421851BC6448800CAA53A /* NDHeadView.m */ = {isa = PBXFileReference; fileEncoding = 4; lastKnownFileType = sourcecode.c.objc; path = NDHeadView.m; sourceTree = "<group>"; };
		4EF421871BC6456100CAA53A /* NDGroupView.h */ = {isa = PBXFileReference; fileEncoding = 4; lastKnownFileType = sourcecode.c.h; path = NDGroupView.h; sourceTree = "<group>"; };
		4EF421881BC6456100CAA53A /* NDGroupView.m */ = {isa = PBXFileReference; fileEncoding = 4; lastKnownFileType = sourcecode.c.objc; path = NDGroupView.m; sourceTree = "<group>"; };
		8A5593AA1BC76D9E00C517B0 /* DDLegacyMacros.h */ = {isa = PBXFileReference; fileEncoding = 4; lastKnownFileType = sourcecode.c.h; path = DDLegacyMacros.h; sourceTree = "<group>"; };
		8A5593AB1BC76D9E00C517B0 /* DDLog.h */ = {isa = PBXFileReference; fileEncoding = 4; lastKnownFileType = sourcecode.c.h; path = DDLog.h; sourceTree = "<group>"; };
		8A5593AC1BC76D9E00C517B0 /* DDLog.m */ = {isa = PBXFileReference; fileEncoding = 4; lastKnownFileType = sourcecode.c.objc; path = DDLog.m; sourceTree = "<group>"; };
		8A5593AD1BC76D9E00C517B0 /* DDLogMacros.h */ = {isa = PBXFileReference; fileEncoding = 4; lastKnownFileType = sourcecode.c.h; path = DDLogMacros.h; sourceTree = "<group>"; };
		8A5593AE1BC76D9E00C517B0 /* DDTTYLogger.h */ = {isa = PBXFileReference; fileEncoding = 4; lastKnownFileType = sourcecode.c.h; path = DDTTYLogger.h; sourceTree = "<group>"; };
		8A5593AF1BC76D9E00C517B0 /* DDTTYLogger.m */ = {isa = PBXFileReference; fileEncoding = 4; lastKnownFileType = sourcecode.c.objc; path = DDTTYLogger.m; sourceTree = "<group>"; };
		8A5593B21BC76DC500C517B0 /* DDLogLevel.h */ = {isa = PBXFileReference; fileEncoding = 4; lastKnownFileType = sourcecode.c.h; path = DDLogLevel.h; sourceTree = "<group>"; };
		8A5593B41BC7768A00C517B0 /* UIViewExt.h */ = {isa = PBXFileReference; fileEncoding = 4; lastKnownFileType = sourcecode.c.h; path = UIViewExt.h; sourceTree = "<group>"; };
		8A5593B51BC7768A00C517B0 /* UIViewExt.m */ = {isa = PBXFileReference; fileEncoding = 4; lastKnownFileType = sourcecode.c.objc; path = UIViewExt.m; sourceTree = "<group>"; };
		8A5593B61BC7768A00C517B0 /* WXHLGlobalUICommon.h */ = {isa = PBXFileReference; fileEncoding = 4; lastKnownFileType = sourcecode.c.h; path = WXHLGlobalUICommon.h; sourceTree = "<group>"; };
		8A5593B71BC7768A00C517B0 /* WXHLGlobalUICommon.m */ = {isa = PBXFileReference; fileEncoding = 4; lastKnownFileType = sourcecode.c.objc; path = WXHLGlobalUICommon.m; sourceTree = "<group>"; };
		8A5593BF1BC7845800C517B0 /* AFHTTPClient.h */ = {isa = PBXFileReference; fileEncoding = 4; lastKnownFileType = sourcecode.c.h; path = AFHTTPClient.h; sourceTree = "<group>"; };
		8A5593C01BC7845800C517B0 /* AFHTTPClient.m */ = {isa = PBXFileReference; fileEncoding = 4; lastKnownFileType = sourcecode.c.objc; path = AFHTTPClient.m; sourceTree = "<group>"; };
		8A5593C11BC7845800C517B0 /* AFHTTPRequestOperation.h */ = {isa = PBXFileReference; fileEncoding = 4; lastKnownFileType = sourcecode.c.h; path = AFHTTPRequestOperation.h; sourceTree = "<group>"; };
		8A5593C21BC7845800C517B0 /* AFHTTPRequestOperation.m */ = {isa = PBXFileReference; fileEncoding = 4; lastKnownFileType = sourcecode.c.objc; path = AFHTTPRequestOperation.m; sourceTree = "<group>"; };
		8A5593C31BC7845800C517B0 /* AFImageRequestOperation.h */ = {isa = PBXFileReference; fileEncoding = 4; lastKnownFileType = sourcecode.c.h; path = AFImageRequestOperation.h; sourceTree = "<group>"; };
		8A5593C41BC7845800C517B0 /* AFImageRequestOperation.m */ = {isa = PBXFileReference; fileEncoding = 4; lastKnownFileType = sourcecode.c.objc; path = AFImageRequestOperation.m; sourceTree = "<group>"; };
		8A5593C51BC7845800C517B0 /* AFJSONRequestOperation.h */ = {isa = PBXFileReference; fileEncoding = 4; lastKnownFileType = sourcecode.c.h; path = AFJSONRequestOperation.h; sourceTree = "<group>"; };
		8A5593C61BC7845800C517B0 /* AFJSONRequestOperation.m */ = {isa = PBXFileReference; fileEncoding = 4; lastKnownFileType = sourcecode.c.objc; path = AFJSONRequestOperation.m; sourceTree = "<group>"; };
		8A5593C71BC7845800C517B0 /* AFNetworkActivityIndicatorManager.h */ = {isa = PBXFileReference; fileEncoding = 4; lastKnownFileType = sourcecode.c.h; path = AFNetworkActivityIndicatorManager.h; sourceTree = "<group>"; };
		8A5593C81BC7845800C517B0 /* AFNetworkActivityIndicatorManager.m */ = {isa = PBXFileReference; fileEncoding = 4; lastKnownFileType = sourcecode.c.objc; path = AFNetworkActivityIndicatorManager.m; sourceTree = "<group>"; };
		8A5593C91BC7845800C517B0 /* AFNetworking.h */ = {isa = PBXFileReference; fileEncoding = 4; lastKnownFileType = sourcecode.c.h; path = AFNetworking.h; sourceTree = "<group>"; };
		8A5593CC1BC7845800C517B0 /* AFURLConnectionOperation.h */ = {isa = PBXFileReference; fileEncoding = 4; lastKnownFileType = sourcecode.c.h; path = AFURLConnectionOperation.h; sourceTree = "<group>"; };
		8A5593CD1BC7845800C517B0 /* AFURLConnectionOperation.m */ = {isa = PBXFileReference; fileEncoding = 4; lastKnownFileType = sourcecode.c.objc; path = AFURLConnectionOperation.m; sourceTree = "<group>"; };
		8A5593CE1BC7845800C517B0 /* AFXMLRequestOperation.h */ = {isa = PBXFileReference; fileEncoding = 4; lastKnownFileType = sourcecode.c.h; path = AFXMLRequestOperation.h; sourceTree = "<group>"; };
		8A5593CF1BC7845800C517B0 /* AFXMLRequestOperation.m */ = {isa = PBXFileReference; fileEncoding = 4; lastKnownFileType = sourcecode.c.objc; path = AFXMLRequestOperation.m; sourceTree = "<group>"; };
		8A5593D01BC7845800C517B0 /* UIImageView+AFNetworking.h */ = {isa = PBXFileReference; fileEncoding = 4; lastKnownFileType = sourcecode.c.h; path = "UIImageView+AFNetworking.h"; sourceTree = "<group>"; };
		8A5593D11BC7845800C517B0 /* UIImageView+AFNetworking.m */ = {isa = PBXFileReference; fileEncoding = 4; lastKnownFileType = sourcecode.c.objc; path = "UIImageView+AFNetworking.m"; sourceTree = "<group>"; };
		8A5593E11BC786E800C517B0 /* Images.xcassets */ = {isa = PBXFileReference; lastKnownFileType = folder.assetcatalog; path = Images.xcassets; sourceTree = "<group>"; };
		8A5593E41BC7893500C517B0 /* NDBaseNavigationController.h */ = {isa = PBXFileReference; fileEncoding = 4; lastKnownFileType = sourcecode.c.h; path = NDBaseNavigationController.h; sourceTree = "<group>"; };
		8A5593E51BC7893500C517B0 /* NDBaseNavigationController.m */ = {isa = PBXFileReference; fileEncoding = 4; lastKnownFileType = sourcecode.c.objc; path = NDBaseNavigationController.m; sourceTree = "<group>"; };
		8A5593E61BC7893500C517B0 /* NDBaseViewController.h */ = {isa = PBXFileReference; fileEncoding = 4; lastKnownFileType = sourcecode.c.h; path = NDBaseViewController.h; sourceTree = "<group>"; };
		8A5593E71BC7893500C517B0 /* NDBaseViewController.m */ = {isa = PBXFileReference; fileEncoding = 4; lastKnownFileType = sourcecode.c.objc; path = NDBaseViewController.m; sourceTree = "<group>"; };
		8A5593E81BC7893500C517B0 /* NDTabBarController.h */ = {isa = PBXFileReference; fileEncoding = 4; lastKnownFileType = sourcecode.c.h; path = NDTabBarController.h; sourceTree = "<group>"; };
		8A5593E91BC7893500C517B0 /* NDTabBarController.m */ = {isa = PBXFileReference; fileEncoding = 4; lastKnownFileType = sourcecode.c.objc; path = NDTabBarController.m; sourceTree = "<group>"; };
		8A5593ED1BC7894600C517B0 /* Constant.h */ = {isa = PBXFileReference; fileEncoding = 4; lastKnownFileType = sourcecode.c.h; path = Constant.h; sourceTree = "<group>"; };
		8A5593EF1BC7896900C517B0 /* NDButton.h */ = {isa = PBXFileReference; fileEncoding = 4; lastKnownFileType = sourcecode.c.h; path = NDButton.h; sourceTree = "<group>"; };
		8A5593F01BC7896900C517B0 /* NDButton.m */ = {isa = PBXFileReference; fileEncoding = 4; lastKnownFileType = sourcecode.c.objc; path = NDButton.m; sourceTree = "<group>"; };
		8A5593F11BC7896900C517B0 /* NDButtonView.h */ = {isa = PBXFileReference; fileEncoding = 4; lastKnownFileType = sourcecode.c.h; path = NDButtonView.h; sourceTree = "<group>"; };
		8A5593F21BC7896900C517B0 /* NDButtonView.m */ = {isa = PBXFileReference; fileEncoding = 4; lastKnownFileType = sourcecode.c.objc; path = NDButtonView.m; sourceTree = "<group>"; };
		8A5593F61BC789C500C517B0 /* NDInteractViewController.h */ = {isa = PBXFileReference; fileEncoding = 4; lastKnownFileType = sourcecode.c.h; path = NDInteractViewController.h; sourceTree = "<group>"; };
		8A5593F71BC789C500C517B0 /* NDInteractViewController.m */ = {isa = PBXFileReference; fileEncoding = 4; lastKnownFileType = sourcecode.c.objc; path = NDInteractViewController.m; sourceTree = "<group>"; };
		8A5593FA1BC78A0300C517B0 /* NDDistrictViewController.h */ = {isa = PBXFileReference; fileEncoding = 4; lastKnownFileType = sourcecode.c.h; path = NDDistrictViewController.h; sourceTree = "<group>"; };
		8A5593FB1BC78A0300C517B0 /* NDDistrictViewController.m */ = {isa = PBXFileReference; fileEncoding = 4; lastKnownFileType = sourcecode.c.objc; path = NDDistrictViewController.m; sourceTree = "<group>"; };
		8AA2577F1BB942DE00B99018 /* NearDistance.app */ = {isa = PBXFileReference; explicitFileType = wrapper.application; includeInIndex = 0; path = NearDistance.app; sourceTree = BUILT_PRODUCTS_DIR; };
		8AA257831BB942DE00B99018 /* main.m */ = {isa = PBXFileReference; lastKnownFileType = sourcecode.c.objc; path = main.m; sourceTree = "<group>"; };
		8AA257851BB942DE00B99018 /* AppDelegate.h */ = {isa = PBXFileReference; lastKnownFileType = sourcecode.c.h; path = AppDelegate.h; sourceTree = "<group>"; };
		8AA257861BB942DE00B99018 /* AppDelegate.m */ = {isa = PBXFileReference; lastKnownFileType = sourcecode.c.objc; path = AppDelegate.m; sourceTree = "<group>"; };
		8AA2578C1BB942DE00B99018 /* Base */ = {isa = PBXFileReference; lastKnownFileType = file.storyboard; name = Base; path = Base.lproj/Main.storyboard; sourceTree = "<group>"; };
		8AA2578E1BB942DE00B99018 /* Assets.xcassets */ = {isa = PBXFileReference; lastKnownFileType = folder.assetcatalog; path = Assets.xcassets; sourceTree = "<group>"; };
		8AA257911BB942DE00B99018 /* Base */ = {isa = PBXFileReference; lastKnownFileType = file.storyboard; name = Base; path = Base.lproj/LaunchScreen.storyboard; sourceTree = "<group>"; };
		8AA257931BB942DE00B99018 /* Info.plist */ = {isa = PBXFileReference; lastKnownFileType = text.plist.xml; path = Info.plist; sourceTree = "<group>"; };
		8AA257981BB942DE00B99018 /* NearDistanceTests.xctest */ = {isa = PBXFileReference; explicitFileType = wrapper.cfbundle; includeInIndex = 0; path = NearDistanceTests.xctest; sourceTree = BUILT_PRODUCTS_DIR; };
		8AA2579C1BB942DE00B99018 /* NearDistanceTests.m */ = {isa = PBXFileReference; lastKnownFileType = sourcecode.c.objc; path = NearDistanceTests.m; sourceTree = "<group>"; };
		8AA2579E1BB942DE00B99018 /* Info.plist */ = {isa = PBXFileReference; lastKnownFileType = text.plist.xml; path = Info.plist; sourceTree = "<group>"; };
		8AA257A31BB942DE00B99018 /* NearDistanceUITests.xctest */ = {isa = PBXFileReference; explicitFileType = wrapper.cfbundle; includeInIndex = 0; path = NearDistanceUITests.xctest; sourceTree = BUILT_PRODUCTS_DIR; };
		8AA257A71BB942DE00B99018 /* NearDistanceUITests.m */ = {isa = PBXFileReference; lastKnownFileType = sourcecode.c.objc; path = NearDistanceUITests.m; sourceTree = "<group>"; };
		8AA257A91BB942DE00B99018 /* Info.plist */ = {isa = PBXFileReference; lastKnownFileType = text.plist.xml; path = Info.plist; sourceTree = "<group>"; };
/* End PBXFileReference section */

/* Begin PBXFrameworksBuildPhase section */
		8AA2577C1BB942DE00B99018 /* Frameworks */ = {
			isa = PBXFrameworksBuildPhase;
			buildActionMask = 2147483647;
			files = (
			);
			runOnlyForDeploymentPostprocessing = 0;
		};
		8AA257951BB942DE00B99018 /* Frameworks */ = {
			isa = PBXFrameworksBuildPhase;
			buildActionMask = 2147483647;
			files = (
			);
			runOnlyForDeploymentPostprocessing = 0;
		};
		8AA257A01BB942DE00B99018 /* Frameworks */ = {
			isa = PBXFrameworksBuildPhase;
			buildActionMask = 2147483647;
			files = (
			);
			runOnlyForDeploymentPostprocessing = 0;
		};
/* End PBXFrameworksBuildPhase section */

/* Begin PBXGroup section */
		4E09886C1BC60251001B0AE3 /* Home */ = {
			isa = PBXGroup;
			children = (
				4E0988831BC60615001B0AE3 /* NDHomeViewController.h */,
				4E0988841BC60615001B0AE3 /* NDHomeViewController.m */,
				4EF421831BC6442300CAA53A /* head */,
				4EF421821BC6442300CAA53A /* collection */,
				4EF421811BC6442300CAA53A /* cell */,
			);
			path = Home;
			sourceTree = "<group>";
		};
		4E09886E1BC60251001B0AE3 /* My */ = {
			isa = PBXGroup;
			children = (
				4E09888C1BC6068E001B0AE3 /* NDMyViewController.h */,
				4E09888D1BC6068E001B0AE3 /* NDMyViewController.m */,
			);
			path = My;
			sourceTree = "<group>";
		};
		4EF421811BC6442300CAA53A /* cell */ = {
			isa = PBXGroup;
			children = (
			);
			path = cell;
			sourceTree = "<group>";
		};
		4EF421821BC6442300CAA53A /* collection */ = {
			isa = PBXGroup;
			children = (
				4EF421871BC6456100CAA53A /* NDGroupView.h */,
				4EF421881BC6456100CAA53A /* NDGroupView.m */,
			);
			path = collection;
			sourceTree = "<group>";
		};
		4EF421831BC6442300CAA53A /* head */ = {
			isa = PBXGroup;
			children = (
				4EF421841BC6448800CAA53A /* NDHeadView.h */,
				4EF421851BC6448800CAA53A /* NDHeadView.m */,
			);
			path = head;
			sourceTree = "<group>";
		};
		8A5593A91BC76D8D00C517B0 /* DDLog */ = {
			isa = PBXGroup;
			children = (
				8A5593B21BC76DC500C517B0 /* DDLogLevel.h */,
				8A5593AB1BC76D9E00C517B0 /* DDLog.h */,
				8A5593AA1BC76D9E00C517B0 /* DDLegacyMacros.h */,
				8A5593AC1BC76D9E00C517B0 /* DDLog.m */,
				8A5593AD1BC76D9E00C517B0 /* DDLogMacros.h */,
				8A5593AE1BC76D9E00C517B0 /* DDTTYLogger.h */,
				8A5593AF1BC76D9E00C517B0 /* DDTTYLogger.m */,
			);
			path = DDLog;
			sourceTree = "<group>";
		};
		8A5593B31BC7767F00C517B0 /* Utils */ = {
			isa = PBXGroup;
			children = (
				8A5593ED1BC7894600C517B0 /* Constant.h */,
				8A5593B41BC7768A00C517B0 /* UIViewExt.h */,
				8A5593B51BC7768A00C517B0 /* UIViewExt.m */,
				8A5593B61BC7768A00C517B0 /* WXHLGlobalUICommon.h */,
				8A5593B71BC7768A00C517B0 /* WXHLGlobalUICommon.m */,
			);
			path = Utils;
			sourceTree = "<group>";
		};
		8A5593BB1BC77F8300C517B0 /* BaseModel */ = {
			isa = PBXGroup;
			children = (
			);
			path = BaseModel;
			sourceTree = "<group>";
		};
		8A5593BE1BC7845800C517B0 /* AFNetworking */ = {
			isa = PBXGroup;
			children = (
				8A5593BF1BC7845800C517B0 /* AFHTTPClient.h */,
				8A5593C01BC7845800C517B0 /* AFHTTPClient.m */,
				8A5593C11BC7845800C517B0 /* AFHTTPRequestOperation.h */,
				8A5593C21BC7845800C517B0 /* AFHTTPRequestOperation.m */,
				8A5593C31BC7845800C517B0 /* AFImageRequestOperation.h */,
				8A5593C41BC7845800C517B0 /* AFImageRequestOperation.m */,
				8A5593C51BC7845800C517B0 /* AFJSONRequestOperation.h */,
				8A5593C61BC7845800C517B0 /* AFJSONRequestOperation.m */,
				8A5593C71BC7845800C517B0 /* AFNetworkActivityIndicatorManager.h */,
				8A5593C81BC7845800C517B0 /* AFNetworkActivityIndicatorManager.m */,
				8A5593C91BC7845800C517B0 /* AFNetworking.h */,
				8A5593CC1BC7845800C517B0 /* AFURLConnectionOperation.h */,
				8A5593CD1BC7845800C517B0 /* AFURLConnectionOperation.m */,
				8A5593CE1BC7845800C517B0 /* AFXMLRequestOperation.h */,
				8A5593CF1BC7845800C517B0 /* AFXMLRequestOperation.m */,
				8A5593D01BC7845800C517B0 /* UIImageView+AFNetworking.h */,
				8A5593D11BC7845800C517B0 /* UIImageView+AFNetworking.m */,
			);
			path = AFNetworking;
			sourceTree = "<group>";
		};
		8A5593E31BC7892400C517B0 /* BaseViewController */ = {
			isa = PBXGroup;
			children = (
				8A5593E41BC7893500C517B0 /* NDBaseNavigationController.h */,
				8A5593E51BC7893500C517B0 /* NDBaseNavigationController.m */,
				8A5593E61BC7893500C517B0 /* NDBaseViewController.h */,
				8A5593E71BC7893500C517B0 /* NDBaseViewController.m */,
				8A5593E81BC7893500C517B0 /* NDTabBarController.h */,
				8A5593E91BC7893500C517B0 /* NDTabBarController.m */,
			);
			path = BaseViewController;
			sourceTree = "<group>";
		};
		8A5593EE1BC7896000C517B0 /* BaseView */ = {
			isa = PBXGroup;
			children = (
				8A5593F11BC7896900C517B0 /* NDButtonView.h */,
				8A5593F21BC7896900C517B0 /* NDButtonView.m */,
				8A5593EF1BC7896900C517B0 /* NDButton.h */,
				8A5593F01BC7896900C517B0 /* NDButton.m */,
			);
			path = BaseView;
			sourceTree = "<group>";
		};
		8A5593F51BC789B100C517B0 /* Interact */ = {
			isa = PBXGroup;
			children = (
				8A5593F61BC789C500C517B0 /* NDInteractViewController.h */,
				8A5593F71BC789C500C517B0 /* NDInteractViewController.m */,
			);
			path = Interact;
			sourceTree = "<group>";
		};
		8A5593F91BC789F400C517B0 /* District */ = {
			isa = PBXGroup;
			children = (
				8A5593FA1BC78A0300C517B0 /* NDDistrictViewController.h */,
				8A5593FB1BC78A0300C517B0 /* NDDistrictViewController.m */,
			);
			path = District;
			sourceTree = "<group>";
		};
		8AA257761BB942DE00B99018 = {
			isa = PBXGroup;
			children = (
				8AA257811BB942DE00B99018 /* NearDistance */,
				8AA2579B1BB942DE00B99018 /* NearDistanceTests */,
				8AA257A61BB942DE00B99018 /* NearDistanceUITests */,
				8AA257801BB942DE00B99018 /* Products */,
			);
			sourceTree = "<group>";
		};
		8AA257801BB942DE00B99018 /* Products */ = {
			isa = PBXGroup;
			children = (
				8AA2577F1BB942DE00B99018 /* NearDistance.app */,
				8AA257981BB942DE00B99018 /* NearDistanceTests.xctest */,
				8AA257A31BB942DE00B99018 /* NearDistanceUITests.xctest */,
			);
			name = Products;
			sourceTree = "<group>";
		};
		8AA257811BB942DE00B99018 /* NearDistance */ = {
			isa = PBXGroup;
			children = (
				8A5593EE1BC7896000C517B0 /* BaseView */,
				8A5593E31BC7892400C517B0 /* BaseViewController */,
				8AA2578B1BB942DE00B99018 /* Main.storyboard */,
				8AA257851BB942DE00B99018 /* AppDelegate.h */,
				8AA257861BB942DE00B99018 /* AppDelegate.m */,
				8A5593BB1BC77F8300C517B0 /* BaseModel */,
				4E09886C1BC60251001B0AE3 /* Home */,
				8A5593F51BC789B100C517B0 /* Interact */,
				8A5593F91BC789F400C517B0 /* District */,
				4E09886E1BC60251001B0AE3 /* My */,
				8A5593E11BC786E800C517B0 /* Images.xcassets */,
				8AA257821BB942DE00B99018 /* Supporting Files */,
			);
			path = NearDistance;
			sourceTree = "<group>";
		};
		8AA257821BB942DE00B99018 /* Supporting Files */ = {
			isa = PBXGroup;
			children = (
				8AA2578E1BB942DE00B99018 /* Assets.xcassets */,
				8AA257901BB942DE00B99018 /* LaunchScreen.storyboard */,
				8A5593BE1BC7845800C517B0 /* AFNetworking */,
				8A5593B31BC7767F00C517B0 /* Utils */,
				8A5593A91BC76D8D00C517B0 /* DDLog */,
				8AA257831BB942DE00B99018 /* main.m */,
				8AA257931BB942DE00B99018 /* Info.plist */,
				4E0988711BC6038C001B0AE3 /* PrefixHeader.pch */,
			);
			name = "Supporting Files";
			sourceTree = "<group>";
		};
		8AA2579B1BB942DE00B99018 /* NearDistanceTests */ = {
			isa = PBXGroup;
			children = (
				8AA2579C1BB942DE00B99018 /* NearDistanceTests.m */,
				8AA2579E1BB942DE00B99018 /* Info.plist */,
			);
			path = NearDistanceTests;
			sourceTree = "<group>";
		};
		8AA257A61BB942DE00B99018 /* NearDistanceUITests */ = {
			isa = PBXGroup;
			children = (
				8AA257A71BB942DE00B99018 /* NearDistanceUITests.m */,
				8AA257A91BB942DE00B99018 /* Info.plist */,
			);
			path = NearDistanceUITests;
			sourceTree = "<group>";
		};
/* End PBXGroup section */

/* Begin PBXNativeTarget section */
		8AA2577E1BB942DE00B99018 /* NearDistance */ = {
			isa = PBXNativeTarget;
			buildConfigurationList = 8AA257AC1BB942DE00B99018 /* Build configuration list for PBXNativeTarget "NearDistance" */;
			buildPhases = (
				8AA2577B1BB942DE00B99018 /* Sources */,
				8AA2577C1BB942DE00B99018 /* Frameworks */,
				8AA2577D1BB942DE00B99018 /* Resources */,
			);
			buildRules = (
			);
			dependencies = (
			);
			name = NearDistance;
			productName = NearDistance;
			productReference = 8AA2577F1BB942DE00B99018 /* NearDistance.app */;
			productType = "com.apple.product-type.application";
		};
		8AA257971BB942DE00B99018 /* NearDistanceTests */ = {
			isa = PBXNativeTarget;
			buildConfigurationList = 8AA257AF1BB942DE00B99018 /* Build configuration list for PBXNativeTarget "NearDistanceTests" */;
			buildPhases = (
				8AA257941BB942DE00B99018 /* Sources */,
				8AA257951BB942DE00B99018 /* Frameworks */,
				8AA257961BB942DE00B99018 /* Resources */,
			);
			buildRules = (
			);
			dependencies = (
				8AA2579A1BB942DE00B99018 /* PBXTargetDependency */,
			);
			name = NearDistanceTests;
			productName = NearDistanceTests;
			productReference = 8AA257981BB942DE00B99018 /* NearDistanceTests.xctest */;
			productType = "com.apple.product-type.bundle.unit-test";
		};
		8AA257A21BB942DE00B99018 /* NearDistanceUITests */ = {
			isa = PBXNativeTarget;
			buildConfigurationList = 8AA257B21BB942DE00B99018 /* Build configuration list for PBXNativeTarget "NearDistanceUITests" */;
			buildPhases = (
				8AA2579F1BB942DE00B99018 /* Sources */,
				8AA257A01BB942DE00B99018 /* Frameworks */,
				8AA257A11BB942DE00B99018 /* Resources */,
			);
			buildRules = (
			);
			dependencies = (
				8AA257A51BB942DE00B99018 /* PBXTargetDependency */,
			);
			name = NearDistanceUITests;
			productName = NearDistanceUITests;
			productReference = 8AA257A31BB942DE00B99018 /* NearDistanceUITests.xctest */;
			productType = "com.apple.product-type.bundle.ui-testing";
		};
/* End PBXNativeTarget section */

/* Begin PBXProject section */
		8AA257771BB942DE00B99018 /* Project object */ = {
			isa = PBXProject;
			attributes = {
				CLASSPREFIX = ND;
				LastUpgradeCheck = 0700;
				ORGANIZATIONNAME = "李世超";
				TargetAttributes = {
					8AA2577E1BB942DE00B99018 = {
						CreatedOnToolsVersion = 7.0;
						DevelopmentTeam = Q3T9G4L9WP;
					};
					8AA257971BB942DE00B99018 = {
						CreatedOnToolsVersion = 7.0;
						TestTargetID = 8AA2577E1BB942DE00B99018;
					};
					8AA257A21BB942DE00B99018 = {
						CreatedOnToolsVersion = 7.0;
						TestTargetID = 8AA2577E1BB942DE00B99018;
					};
				};
			};
			buildConfigurationList = 8AA2577A1BB942DE00B99018 /* Build configuration list for PBXProject "NearDistance" */;
			compatibilityVersion = "Xcode 3.2";
			developmentRegion = English;
			hasScannedForEncodings = 0;
			knownRegions = (
				en,
				Base,
			);
			mainGroup = 8AA257761BB942DE00B99018;
			productRefGroup = 8AA257801BB942DE00B99018 /* Products */;
			projectDirPath = "";
			projectRoot = "";
			targets = (
				8AA2577E1BB942DE00B99018 /* NearDistance */,
				8AA257971BB942DE00B99018 /* NearDistanceTests */,
				8AA257A21BB942DE00B99018 /* NearDistanceUITests */,
			);
		};
/* End PBXProject section */

/* Begin PBXResourcesBuildPhase section */
		8AA2577D1BB942DE00B99018 /* Resources */ = {
			isa = PBXResourcesBuildPhase;
			buildActionMask = 2147483647;
			files = (
				8AA257921BB942DE00B99018 /* LaunchScreen.storyboard in Resources */,
				8A5593E21BC786E800C517B0 /* Images.xcassets in Resources */,
				8AA2578F1BB942DE00B99018 /* Assets.xcassets in Resources */,
				8AA2578D1BB942DE00B99018 /* Main.storyboard in Resources */,
			);
			runOnlyForDeploymentPostprocessing = 0;
		};
		8AA257961BB942DE00B99018 /* Resources */ = {
			isa = PBXResourcesBuildPhase;
			buildActionMask = 2147483647;
			files = (
			);
			runOnlyForDeploymentPostprocessing = 0;
		};
		8AA257A11BB942DE00B99018 /* Resources */ = {
			isa = PBXResourcesBuildPhase;
			buildActionMask = 2147483647;
			files = (
			);
			runOnlyForDeploymentPostprocessing = 0;
		};
/* End PBXResourcesBuildPhase section */

/* Begin PBXSourcesBuildPhase section */
		8AA2577B1BB942DE00B99018 /* Sources */ = {
			isa = PBXSourcesBuildPhase;
			buildActionMask = 2147483647;
			files = (
				8A5593B81BC7768A00C517B0 /* UIViewExt.m in Sources */,
				8A5593F81BC789C500C517B0 /* NDInteractViewController.m in Sources */,
				8A5593DA1BC7845800C517B0 /* UIImageView+AFNetworking.m in Sources */,
				8A5593B01BC76D9E00C517B0 /* DDLog.m in Sources */,
				8A5593D31BC7845800C517B0 /* AFHTTPRequestOperation.m in Sources */,
				8A5593B11BC76D9E00C517B0 /* DDTTYLogger.m in Sources */,
				8A5593EB1BC7893500C517B0 /* NDBaseViewController.m in Sources */,
				8A5593D61BC7845800C517B0 /* AFNetworkActivityIndicatorManager.m in Sources */,
				8A5593EC1BC7893500C517B0 /* NDTabBarController.m in Sources */,
				8AA257871BB942DE00B99018 /* AppDelegate.m in Sources */,
				4E0988851BC60615001B0AE3 /* NDHomeViewController.m in Sources */,
				8AA257841BB942DE00B99018 /* main.m in Sources */,
				8A5593B91BC7768A00C517B0 /* WXHLGlobalUICommon.m in Sources */,
				8A5593F41BC7896900C517B0 /* NDButtonView.m in Sources */,
				4EF421861BC6448800CAA53A /* NDHeadView.m in Sources */,
				8A5593EA1BC7893500C517B0 /* NDBaseNavigationController.m in Sources */,
				8A5593D21BC7845800C517B0 /* AFHTTPClient.m in Sources */,
				8A5593D91BC7845800C517B0 /* AFXMLRequestOperation.m in Sources */,
				8A5593D81BC7845800C517B0 /* AFURLConnectionOperation.m in Sources */,
				8A5593F31BC7896900C517B0 /* NDButton.m in Sources */,
				8A5593D41BC7845800C517B0 /* AFImageRequestOperation.m in Sources */,
				8A5593FC1BC78A0300C517B0 /* NDDistrictViewController.m in Sources */,
				8A5593D51BC7845800C517B0 /* AFJSONRequestOperation.m in Sources */,
				4E09888E1BC6068E001B0AE3 /* NDMyViewController.m in Sources */,
				4EF421891BC6456100CAA53A /* NDGroupView.m in Sources */,
			);
			runOnlyForDeploymentPostprocessing = 0;
		};
		8AA257941BB942DE00B99018 /* Sources */ = {
			isa = PBXSourcesBuildPhase;
			buildActionMask = 2147483647;
			files = (
				8AA2579D1BB942DE00B99018 /* NearDistanceTests.m in Sources */,
			);
			runOnlyForDeploymentPostprocessing = 0;
		};
		8AA2579F1BB942DE00B99018 /* Sources */ = {
			isa = PBXSourcesBuildPhase;
			buildActionMask = 2147483647;
			files = (
				8AA257A81BB942DE00B99018 /* NearDistanceUITests.m in Sources */,
			);
			runOnlyForDeploymentPostprocessing = 0;
		};
/* End PBXSourcesBuildPhase section */

/* Begin PBXTargetDependency section */
		8AA2579A1BB942DE00B99018 /* PBXTargetDependency */ = {
			isa = PBXTargetDependency;
			target = 8AA2577E1BB942DE00B99018 /* NearDistance */;
			targetProxy = 8AA257991BB942DE00B99018 /* PBXContainerItemProxy */;
		};
		8AA257A51BB942DE00B99018 /* PBXTargetDependency */ = {
			isa = PBXTargetDependency;
			target = 8AA2577E1BB942DE00B99018 /* NearDistance */;
			targetProxy = 8AA257A41BB942DE00B99018 /* PBXContainerItemProxy */;
		};
/* End PBXTargetDependency section */

/* Begin PBXVariantGroup section */
		8AA2578B1BB942DE00B99018 /* Main.storyboard */ = {
			isa = PBXVariantGroup;
			children = (
				8AA2578C1BB942DE00B99018 /* Base */,
			);
			name = Main.storyboard;
			sourceTree = "<group>";
		};
		8AA257901BB942DE00B99018 /* LaunchScreen.storyboard */ = {
			isa = PBXVariantGroup;
			children = (
				8AA257911BB942DE00B99018 /* Base */,
			);
			name = LaunchScreen.storyboard;
			sourceTree = "<group>";
		};
/* End PBXVariantGroup section */

/* Begin XCBuildConfiguration section */
		8AA257AA1BB942DE00B99018 /* Debug */ = {
			isa = XCBuildConfiguration;
			buildSettings = {
				ALWAYS_SEARCH_USER_PATHS = NO;
				CLANG_CXX_LANGUAGE_STANDARD = "gnu++0x";
				CLANG_CXX_LIBRARY = "libc++";
				CLANG_ENABLE_MODULES = YES;
				CLANG_ENABLE_OBJC_ARC = YES;
				CLANG_WARN_BOOL_CONVERSION = YES;
				CLANG_WARN_CONSTANT_CONVERSION = YES;
				CLANG_WARN_DIRECT_OBJC_ISA_USAGE = YES_ERROR;
				CLANG_WARN_EMPTY_BODY = YES;
				CLANG_WARN_ENUM_CONVERSION = YES;
				CLANG_WARN_INT_CONVERSION = YES;
				CLANG_WARN_OBJC_ROOT_CLASS = YES_ERROR;
				CLANG_WARN_UNREACHABLE_CODE = YES;
				CLANG_WARN__DUPLICATE_METHOD_MATCH = YES;
				"CODE_SIGN_IDENTITY[sdk=iphoneos*]" = "iPhone Developer";
				COPY_PHASE_STRIP = NO;
				DEBUG_INFORMATION_FORMAT = dwarf;
				ENABLE_STRICT_OBJC_MSGSEND = YES;
				ENABLE_TESTABILITY = YES;
				GCC_C_LANGUAGE_STANDARD = gnu99;
				GCC_DYNAMIC_NO_PIC = NO;
				GCC_NO_COMMON_BLOCKS = YES;
				GCC_OPTIMIZATION_LEVEL = 0;
				GCC_PREPROCESSOR_DEFINITIONS = (
					"DEBUG=1",
					"$(inherited)",
				);
				GCC_WARN_64_TO_32_BIT_CONVERSION = YES;
				GCC_WARN_ABOUT_RETURN_TYPE = YES_ERROR;
				GCC_WARN_UNDECLARED_SELECTOR = YES;
				GCC_WARN_UNINITIALIZED_AUTOS = YES_AGGRESSIVE;
				GCC_WARN_UNUSED_FUNCTION = YES;
				GCC_WARN_UNUSED_VARIABLE = YES;
				IPHONEOS_DEPLOYMENT_TARGET = 9.0;
				MTL_ENABLE_DEBUG_INFO = YES;
				ONLY_ACTIVE_ARCH = YES;
				SDKROOT = iphoneos;
			};
			name = Debug;
		};
		8AA257AB1BB942DE00B99018 /* Release */ = {
			isa = XCBuildConfiguration;
			buildSettings = {
				ALWAYS_SEARCH_USER_PATHS = NO;
				CLANG_CXX_LANGUAGE_STANDARD = "gnu++0x";
				CLANG_CXX_LIBRARY = "libc++";
				CLANG_ENABLE_MODULES = YES;
				CLANG_ENABLE_OBJC_ARC = YES;
				CLANG_WARN_BOOL_CONVERSION = YES;
				CLANG_WARN_CONSTANT_CONVERSION = YES;
				CLANG_WARN_DIRECT_OBJC_ISA_USAGE = YES_ERROR;
				CLANG_WARN_EMPTY_BODY = YES;
				CLANG_WARN_ENUM_CONVERSION = YES;
				CLANG_WARN_INT_CONVERSION = YES;
				CLANG_WARN_OBJC_ROOT_CLASS = YES_ERROR;
				CLANG_WARN_UNREACHABLE_CODE = YES;
				CLANG_WARN__DUPLICATE_METHOD_MATCH = YES;
				"CODE_SIGN_IDENTITY[sdk=iphoneos*]" = "iPhone Developer";
				COPY_PHASE_STRIP = NO;
				DEBUG_INFORMATION_FORMAT = "dwarf-with-dsym";
				ENABLE_NS_ASSERTIONS = NO;
				ENABLE_STRICT_OBJC_MSGSEND = YES;
				GCC_C_LANGUAGE_STANDARD = gnu99;
				GCC_NO_COMMON_BLOCKS = YES;
				GCC_WARN_64_TO_32_BIT_CONVERSION = YES;
				GCC_WARN_ABOUT_RETURN_TYPE = YES_ERROR;
				GCC_WARN_UNDECLARED_SELECTOR = YES;
				GCC_WARN_UNINITIALIZED_AUTOS = YES_AGGRESSIVE;
				GCC_WARN_UNUSED_FUNCTION = YES;
				GCC_WARN_UNUSED_VARIABLE = YES;
				IPHONEOS_DEPLOYMENT_TARGET = 9.0;
				MTL_ENABLE_DEBUG_INFO = NO;
				SDKROOT = iphoneos;
				VALIDATE_PRODUCT = YES;
			};
			name = Release;
		};
		8AA257AD1BB942DE00B99018 /* Debug */ = {
			isa = XCBuildConfiguration;
			buildSettings = {
				ASSETCATALOG_COMPILER_APPICON_NAME = AppIcon;
				ASSETCATALOG_COMPILER_LAUNCHIMAGE_NAME = BrandAsset;
				CODE_SIGN_IDENTITY = "iPhone Developer: Ting Liu (5ZYY4K8URY)";
				"CODE_SIGN_IDENTITY[sdk=iphoneos*]" = "iPhone Developer: Ting Liu (5ZYY4K8URY)";
				GCC_PREFIX_HEADER = "$(SRCROOT)/NearDistance/PrefixHeader.pch";
				INFOPLIST_FILE = NearDistance/Info.plist;
				LD_RUNPATH_SEARCH_PATHS = "$(inherited) @executable_path/Frameworks";
				PRODUCT_BUNDLE_IDENTIFIER = com.91linju.www;
				PRODUCT_NAME = "$(TARGET_NAME)";
				PROVISIONING_PROFILE = "795c88e5-d6c6-4850-bdc5-ad9d1ec271d0";
			};
			name = Debug;
		};
		8AA257AE1BB942DE00B99018 /* Release */ = {
			isa = XCBuildConfiguration;
			buildSettings = {
				ASSETCATALOG_COMPILER_APPICON_NAME = AppIcon;
				ASSETCATALOG_COMPILER_LAUNCHIMAGE_NAME = BrandAsset;
				CODE_SIGN_IDENTITY = "iPhone Developer: Ting Liu (5ZYY4K8URY)";
				"CODE_SIGN_IDENTITY[sdk=iphoneos*]" = "iPhone Developer: Ting Liu (5ZYY4K8URY)";
				GCC_PREFIX_HEADER = "$(SRCROOT)/NearDistance/PrefixHeader.pch";
				INFOPLIST_FILE = NearDistance/Info.plist;
				LD_RUNPATH_SEARCH_PATHS = "$(inherited) @executable_path/Frameworks";
				PRODUCT_BUNDLE_IDENTIFIER = com.91linju.www;
				PRODUCT_NAME = "$(TARGET_NAME)";
				PROVISIONING_PROFILE = "795c88e5-d6c6-4850-bdc5-ad9d1ec271d0";
			};
			name = Release;
		};
		8AA257B01BB942DE00B99018 /* Debug */ = {
			isa = XCBuildConfiguration;
			buildSettings = {
				BUNDLE_LOADER = "$(TEST_HOST)";
				INFOPLIST_FILE = NearDistanceTests/Info.plist;
				LD_RUNPATH_SEARCH_PATHS = "$(inherited) @executable_path/Frameworks @loader_path/Frameworks";
				PRODUCT_BUNDLE_IDENTIFIER = com.company.NearDistanceTests;
				PRODUCT_NAME = "$(TARGET_NAME)";
				TEST_HOST = "$(BUILT_PRODUCTS_DIR)/NearDistance.app/NearDistance";
			};
			name = Debug;
		};
		8AA257B11BB942DE00B99018 /* Release */ = {
			isa = XCBuildConfiguration;
			buildSettings = {
				BUNDLE_LOADER = "$(TEST_HOST)";
				INFOPLIST_FILE = NearDistanceTests/Info.plist;
				LD_RUNPATH_SEARCH_PATHS = "$(inherited) @executable_path/Frameworks @loader_path/Frameworks";
				PRODUCT_BUNDLE_IDENTIFIER = com.company.NearDistanceTests;
				PRODUCT_NAME = "$(TARGET_NAME)";
				TEST_HOST = "$(BUILT_PRODUCTS_DIR)/NearDistance.app/NearDistance";
			};
			name = Release;
		};
		8AA257B31BB942DE00B99018 /* Debug */ = {
			isa = XCBuildConfiguration;
			buildSettings = {
				INFOPLIST_FILE = NearDistanceUITests/Info.plist;
				LD_RUNPATH_SEARCH_PATHS = "$(inherited) @executable_path/Frameworks @loader_path/Frameworks";
				PRODUCT_BUNDLE_IDENTIFIER = com.company.NearDistanceUITests;
				PRODUCT_NAME = "$(TARGET_NAME)";
				TEST_TARGET_NAME = NearDistance;
				USES_XCTRUNNER = YES;
			};
			name = Debug;
		};
		8AA257B41BB942DE00B99018 /* Release */ = {
			isa = XCBuildConfiguration;
			buildSettings = {
				INFOPLIST_FILE = NearDistanceUITests/Info.plist;
				LD_RUNPATH_SEARCH_PATHS = "$(inherited) @executable_path/Frameworks @loader_path/Frameworks";
				PRODUCT_BUNDLE_IDENTIFIER = com.company.NearDistanceUITests;
				PRODUCT_NAME = "$(TARGET_NAME)";
				TEST_TARGET_NAME = NearDistance;
				USES_XCTRUNNER = YES;
			};
			name = Release;
		};
/* End XCBuildConfiguration section */

/* Begin XCConfigurationList section */
		8AA2577A1BB942DE00B99018 /* Build configuration list for PBXProject "NearDistance" */ = {
			isa = XCConfigurationList;
			buildConfigurations = (
				8AA257AA1BB942DE00B99018 /* Debug */,
				8AA257AB1BB942DE00B99018 /* Release */,
			);
			defaultConfigurationIsVisible = 0;
			defaultConfigurationName = Release;
		};
		8AA257AC1BB942DE00B99018 /* Build configuration list for PBXNativeTarget "NearDistance" */ = {
			isa = XCConfigurationList;
			buildConfigurations = (
				8AA257AD1BB942DE00B99018 /* Debug */,
				8AA257AE1BB942DE00B99018 /* Release */,
			);
			defaultConfigurationIsVisible = 0;
			defaultConfigurationName = Release;
		};
		8AA257AF1BB942DE00B99018 /* Build configuration list for PBXNativeTarget "NearDistanceTests" */ = {
			isa = XCConfigurationList;
			buildConfigurations = (
				8AA257B01BB942DE00B99018 /* Debug */,
				8AA257B11BB942DE00B99018 /* Release */,
			);
			defaultConfigurationIsVisible = 0;
			defaultConfigurationName = Release;
		};
		8AA257B21BB942DE00B99018 /* Build configuration list for PBXNativeTarget "NearDistanceUITests" */ = {
			isa = XCConfigurationList;
			buildConfigurations = (
				8AA257B31BB942DE00B99018 /* Debug */,
				8AA257B41BB942DE00B99018 /* Release */,
			);
			defaultConfigurationIsVisible = 0;
			defaultConfigurationName = Release;
		};
/* End XCConfigurationList section */
	};
	rootObject = 8AA257771BB942DE00B99018 /* Project object */;
}
